
Microsoft Visual Studio Solution File, Format Version 12.00
# Visual Studio Version 16
VisualStudioVersion = 16.0.31829.152
MinimumVisualStudioVersion = 10.0.40219.1
Project("{FAE04EC0-301F-11D3-BF4B-00C04F79EFBC}") = "Task14", "Task14\Task14.csproj", "{FB29A888-562A-4AFC-9ADB-4E3218158029}"
EndProject
Global
	GlobalSection(SolutionConfigurationPlatforms) = preSolution
		Debug|Any CPU = Debug|Any CPU
		Release|Any CPU = Release|Any CPU
	EndGlobalSection
	GlobalSection(ProjectConfigurationPlatforms) = postSolution
		{FB29A888-562A-4AFC-9ADB-4E3218158029}.Debug|Any CPU.ActiveCfg = Debug|Any CPU
		{FB29A888-562A-4AFC-9ADB-4E3218158029}.Debug|Any CPU.Build.0 = Debug|Any CPU
		{FB29A888-562A-4AFC-9ADB-4E3218158029}.Release|Any CPU.ActiveCfg = Release|Any CPU
		{FB29A888-562A-4AFC-9ADB-4E3218158029}.Release|Any CPU.Build.0 = Release|Any CPU
	EndGlobalSection
	GlobalSection(SolutionProperties) = preSolution
		HideSolutionNode = FALSE
	EndGlobalSection
	GlobalSection(ExtensibilityGlobals) = postSolution
		SolutionGuid = {9BF3F8B9-A623-4AAA-AAD5-947AEAE96B89}
	EndGlobalSection
EndGlobal
